
Microsoft Visual Studio Solution File, Format Version 12.00
# Visual Studio 15
VisualStudioVersion = 15.0.28307.1267
MinimumVisualStudioVersion = 10.0.40219.1
Project("{FAE04EC0-301F-11D3-BF4B-00C04F79EFBC}") = "GetLpcData", "GetLpcData.csproj", "{B8CA5AB5-F196-4E26-98F2-9427E8534536}"
EndProject
Global
	GlobalSection(SolutionConfigurationPlatforms) = preSolution
		Debug|Any CPU = Debug|Any CPU
		Release|Any CPU = Release|Any CPU
	EndGlobalSection
	GlobalSection(ProjectConfigurationPlatforms) = postSolution
		{B8CA5AB5-F196-4E26-98F2-9427E8534536}.Debug|Any CPU.ActiveCfg = Debug|Any CPU
		{B8CA5AB5-F196-4E26-98F2-9427E8534536}.Debug|Any CPU.Build.0 = Debug|Any CPU
		{B8CA5AB5-F196-4E26-98F2-9427E8534536}.Release|Any CPU.ActiveCfg = Release|Any CPU
		{B8CA5AB5-F196-4E26-98F2-9427E8534536}.Release|Any CPU.Build.0 = Release|Any CPU
	EndGlobalSection
	GlobalSection(SolutionProperties) = preSolution
		HideSolutionNode = FALSE
	EndGlobalSection
	GlobalSection(ExtensibilityGlobals) = postSolution
		SolutionGuid = {4077E498-C0C0-423A-845D-936CEF12CDF9}
	EndGlobalSection
EndGlobal
